
Microsoft Visual Studio Solution File, Format Version 11.00
# Visual Studio 2010
Project("{FAE04EC0-301F-11D3-BF4B-00C04F79EFBC}") = "Microsoft.Xna.Framework.Interop", "Microsoft.Xna.Framework.Interop.csproj", "{BA6C7D8D-B9A4-4A4B-B40F-BA7E5CC09332}"
EndProject
Global
	GlobalSection(SolutionConfigurationPlatforms) = preSolution
		Debug|Any CPU = Debug|Any CPU
		Release|Any CPU = Release|Any CPU
	EndGlobalSection
	GlobalSection(ProjectConfigurationPlatforms) = postSolution
		{BA6C7D8D-B9A4-4A4B-B40F-BA7E5CC09332}.Debug|Any CPU.ActiveCfg = Debug|Any CPU
		{BA6C7D8D-B9A4-4A4B-B40F-BA7E5CC09332}.Debug|Any CPU.Build.0 = Debug|Any CPU
		{BA6C7D8D-B9A4-4A4B-B40F-BA7E5CC09332}.Release|Any CPU.ActiveCfg = Release|Any CPU
		{BA6C7D8D-B9A4-4A4B-B40F-BA7E5CC09332}.Release|Any CPU.Build.0 = Release|Any CPU
	EndGlobalSection
	GlobalSection(SolutionProperties) = preSolution
		HideSolutionNode = FALSE
	EndGlobalSection
EndGlobal
