
Microsoft Visual Studio Solution File, Format Version 11.00
# Visual Studio 2010
Project("{FAE04EC0-301F-11D3-BF4B-00C04F79EFBC}") = "Microsoft.Devices.Camera", "Microsoft.Devices.Camera.csproj", "{D155F4EF-A888-4F27-BE20-6465CBC28F19}"
EndProject
Global
	GlobalSection(SolutionConfigurationPlatforms) = preSolution
		Debug|Any CPU = Debug|Any CPU
		Release|Any CPU = Release|Any CPU
	EndGlobalSection
	GlobalSection(ProjectConfigurationPlatforms) = postSolution
		{D155F4EF-A888-4F27-BE20-6465CBC28F19}.Debug|Any CPU.ActiveCfg = Debug|Any CPU
		{D155F4EF-A888-4F27-BE20-6465CBC28F19}.Debug|Any CPU.Build.0 = Debug|Any CPU
		{D155F4EF-A888-4F27-BE20-6465CBC28F19}.Release|Any CPU.ActiveCfg = Release|Any CPU
		{D155F4EF-A888-4F27-BE20-6465CBC28F19}.Release|Any CPU.Build.0 = Release|Any CPU
	EndGlobalSection
	GlobalSection(SolutionProperties) = preSolution
		HideSolutionNode = FALSE
	EndGlobalSection
EndGlobal
